
Microsoft Visual Studio Solution File, Format Version 12.00
# Visual Studio Version 17
VisualStudioVersion = 17.5.002.0
MinimumVisualStudioVersion = 10.0.40219.1
Project("{9A19103F-16F7-4668-BE54-9A1E7A4F7556}") = "InternInfoSystem", "InternInfoSystem.csproj", "{DCC363B2-B62B-4413-B2E5-1AE4896C19FC}"
EndProject
Global
	GlobalSection(SolutionConfigurationPlatforms) = preSolution
		Debug|Any CPU = Debug|Any CPU
		Release|Any CPU = Release|Any CPU
	EndGlobalSection
	GlobalSection(ProjectConfigurationPlatforms) = postSolution
		{DCC363B2-B62B-4413-B2E5-1AE4896C19FC}.Debug|Any CPU.ActiveCfg = Debug|Any CPU
		{DCC363B2-B62B-4413-B2E5-1AE4896C19FC}.Debug|Any CPU.Build.0 = Debug|Any CPU
		{DCC363B2-B62B-4413-B2E5-1AE4896C19FC}.Release|Any CPU.ActiveCfg = Release|Any CPU
		{DCC363B2-B62B-4413-B2E5-1AE4896C19FC}.Release|Any CPU.Build.0 = Release|Any CPU
	EndGlobalSection
	GlobalSection(SolutionProperties) = preSolution
		HideSolutionNode = FALSE
	EndGlobalSection
	GlobalSection(ExtensibilityGlobals) = postSolution
		SolutionGuid = {2F25D5F2-FF73-42F0-A23C-61108AD810F8}
	EndGlobalSection
EndGlobal
